
Microsoft Visual Studio Solution File, Format Version 12.00
# Visual Studio Version 16
VisualStudioVersion = 16.0.29728.190
MinimumVisualStudioVersion = 10.0.40219.1
Project("{9A19103F-16F7-4668-BE54-9A1E7A4F7556}") = "Thomas.Data", "Thomas.Data\Thomas.Data.csproj", "{1D04BF8C-5F5F-4B82-AA04-0FFDD5AB0BFF}"
EndProject
Project("{9A19103F-16F7-4668-BE54-9A1E7A4F7556}") = "Thomas.Business", "Thomas.Business\Thomas.Business.csproj", "{83B05D52-A380-43CD-AA8A-CB4F500535F7}"
EndProject
Project("{9A19103F-16F7-4668-BE54-9A1E7A4F7556}") = "Thomas.App", "Thomas.App\Thomas.App.csproj", "{53B56D1B-CC2F-4ED7-BBF9-5186F9A452ED}"
EndProject
Global
	GlobalSection(SolutionConfigurationPlatforms) = preSolution
		Debug|Any CPU = Debug|Any CPU
		Release|Any CPU = Release|Any CPU
	EndGlobalSection
	GlobalSection(ProjectConfigurationPlatforms) = postSolution
		{1D04BF8C-5F5F-4B82-AA04-0FFDD5AB0BFF}.Debug|Any CPU.ActiveCfg = Debug|Any CPU
		{1D04BF8C-5F5F-4B82-AA04-0FFDD5AB0BFF}.Debug|Any CPU.Build.0 = Debug|Any CPU
		{1D04BF8C-5F5F-4B82-AA04-0FFDD5AB0BFF}.Release|Any CPU.ActiveCfg = Release|Any CPU
		{1D04BF8C-5F5F-4B82-AA04-0FFDD5AB0BFF}.Release|Any CPU.Build.0 = Release|Any CPU
		{83B05D52-A380-43CD-AA8A-CB4F500535F7}.Debug|Any CPU.ActiveCfg = Debug|Any CPU
		{83B05D52-A380-43CD-AA8A-CB4F500535F7}.Debug|Any CPU.Build.0 = Debug|Any CPU
		{83B05D52-A380-43CD-AA8A-CB4F500535F7}.Release|Any CPU.ActiveCfg = Release|Any CPU
		{83B05D52-A380-43CD-AA8A-CB4F500535F7}.Release|Any CPU.Build.0 = Release|Any CPU
		{53B56D1B-CC2F-4ED7-BBF9-5186F9A452ED}.Debug|Any CPU.ActiveCfg = Debug|Any CPU
		{53B56D1B-CC2F-4ED7-BBF9-5186F9A452ED}.Debug|Any CPU.Build.0 = Debug|Any CPU
		{53B56D1B-CC2F-4ED7-BBF9-5186F9A452ED}.Release|Any CPU.ActiveCfg = Release|Any CPU
		{53B56D1B-CC2F-4ED7-BBF9-5186F9A452ED}.Release|Any CPU.Build.0 = Release|Any CPU
	EndGlobalSection
	GlobalSection(SolutionProperties) = preSolution
		HideSolutionNode = FALSE
	EndGlobalSection
	GlobalSection(ExtensibilityGlobals) = postSolution
		SolutionGuid = {0CB0B724-0B64-4D64-A18B-BC18B512516B}
	EndGlobalSection
EndGlobal
